// !$*UTF8*$!
{
	archiveVersion = 1;
	classes = {
	};
	objectVersion = 50;
	objects = {

/* Begin PBXBuildFile section */
		84A86FCE25D711B1003D17F1 /* AppDelegate.swift in Sources */ = {isa = PBXBuildFile; fileRef = 84A86FCD25D711B1003D17F1 /* AppDelegate.swift */; };
		84A86FD025D711B1003D17F1 /* SceneDelegate.swift in Sources */ = {isa = PBXBuildFile; fileRef = 84A86FCF25D711B1003D17F1 /* SceneDelegate.swift */; };
		84A86FD225D711B1003D17F1 /* ViewController.swift in Sources */ = {isa = PBXBuildFile; fileRef = 84A86FD125D711B1003D17F1 /* ViewController.swift */; };
		84A86FD525D711B1003D17F1 /* Main.storyboard in Resources */ = {isa = PBXBuildFile; fileRef = 84A86FD325D711B1003D17F1 /* Main.storyboard */; };
		84A86FD725D711C2003D17F1 /* Assets.xcassets in Resources */ = {isa = PBXBuildFile; fileRef = 84A86FD625D711C2003D17F1 /* Assets.xcassets */; };
		84A86FDA25D711C2003D17F1 /* LaunchScreen.storyboard in Resources */ = {isa = PBXBuildFile; fileRef = 84A86FD825D711C2003D17F1 /* LaunchScreen.storyboard */; };
		84A86FE525D711C3003D17F1 /* Pre_ExamenTests.swift in Sources */ = {isa = PBXBuildFile; fileRef = 84A86FE425D711C3003D17F1 /* Pre_ExamenTests.swift */; };
		84A86FF025D711C3003D17F1 /* Pre_ExamenUITests.swift in Sources */ = {isa = PBXBuildFile; fileRef = 84A86FEF25D711C3003D17F1 /* Pre_ExamenUITests.swift */; };
/* End PBXBuildFile section */

/* Begin PBXContainerItemProxy section */
		84A86FE125D711C3003D17F1 /* PBXContainerItemProxy */ = {
			isa = PBXContainerItemProxy;
			containerPortal = 84A86FC225D711B0003D17F1 /* Project object */;
			proxyType = 1;
			remoteGlobalIDString = 84A86FC925D711B0003D17F1;
			remoteInfo = Pre_Examen;
		};
		84A86FEC25D711C3003D17F1 /* PBXContainerItemProxy */ = {
			isa = PBXContainerItemProxy;
			containerPortal = 84A86FC225D711B0003D17F1 /* Project object */;
			proxyType = 1;
			remoteGlobalIDString = 84A86FC925D711B0003D17F1;
			remoteInfo = Pre_Examen;
		};
/* End PBXContainerItemProxy section */

/* Begin PBXFileReference section */
		84A86FCA25D711B0003D17F1 /* Pre_Examen.app */ = {isa = PBXFileReference; explicitFileType = wrapper.application; includeInIndex = 0; path = Pre_Examen.app; sourceTree = BUILT_PRODUCTS_DIR; };
		84A86FCD25D711B1003D17F1 /* AppDelegate.swift */ = {isa = PBXFileReference; lastKnownFileType = sourcecode.swift; path = AppDelegate.swift; sourceTree = "<group>"; };
		84A86FCF25D711B1003D17F1 /* SceneDelegate.swift */ = {isa = PBXFileReference; lastKnownFileType = sourcecode.swift; path = SceneDelegate.swift; sourceTree = "<group>"; };
		84A86FD125D711B1003D17F1 /* ViewController.swift */ = {isa = PBXFileReference; lastKnownFileType = sourcecode.swift; path = ViewController.swift; sourceTree = "<group>"; };
		84A86FD425D711B1003D17F1 /* Base */ = {isa = PBXFileReference; lastKnownFileType = file.storyboard; name = Base; path = Base.lproj/Main.storyboard; sourceTree = "<group>"; };
		84A86FD625D711C2003D17F1 /* Assets.xcassets */ = {isa = PBXFileReference; lastKnownFileType = folder.assetcatalog; path = Assets.xcassets; sourceTree = "<group>"; };
		84A86FD925D711C2003D17F1 /* Base */ = {isa = PBXFileReference; lastKnownFileType = file.storyboard; name = Base; path = Base.lproj/LaunchScreen.storyboard; sourceTree = "<group>"; };
		84A86FDB25D711C2003D17F1 /* Info.plist */ = {isa = PBXFileReference; lastKnownFileType = text.plist.xml; path = Info.plist; sourceTree = "<group>"; };
		84A86FE025D711C3003D17F1 /* Pre_ExamenTests.xctest */ = {isa = PBXFileReference; explicitFileType = wrapper.cfbundle; includeInIndex = 0; path = Pre_ExamenTests.xctest; sourceTree = BUILT_PRODUCTS_DIR; };
		84A86FE425D711C3003D17F1 /* Pre_ExamenTests.swift */ = {isa = PBXFileReference; lastKnownFileType = sourcecode.swift; path = Pre_ExamenTests.swift; sourceTree = "<group>"; };
		84A86FE625D711C3003D17F1 /* Info.plist */ = {isa = PBXFileReference; lastKnownFileType = text.plist.xml; path = Info.plist; sourceTree = "<group>"; };
		84A86FEB25D711C3003D17F1 /* Pre_ExamenUITests.xctest */ = {isa = PBXFileReference; explicitFileType = wrapper.cfbundle; includeInIndex = 0; path = Pre_ExamenUITests.xctest; sourceTree = BUILT_PRODUCTS_DIR; };
		84A86FEF25D711C3003D17F1 /* Pre_ExamenUITests.swift */ = {isa = PBXFileReference; lastKnownFileType = sourcecode.swift; path = Pre_ExamenUITests.swift; sourceTree = "<group>"; };
		84A86FF125D711C3003D17F1 /* Info.plist */ = {isa = PBXFileReference; lastKnownFileType = text.plist.xml; path = Info.plist; sourceTree = "<group>"; };
/* End PBXFileReference section */

/* Begin PBXFrameworksBuildPhase section */
		84A86FC725D711B0003D17F1 /* Frameworks */ = {
			isa = PBXFrameworksBuildPhase;
			buildActionMask = 2147483647;
			files = (
			);
			runOnlyForDeploymentPostprocessing = 0;
		};
		84A86FDD25D711C3003D17F1 /* Frameworks */ = {
			isa = PBXFrameworksBuildPhase;
			buildActionMask = 2147483647;
			files = (
			);
			runOnlyForDeploymentPostprocessing = 0;
		};
		84A86FE825D711C3003D17F1 /* Frameworks */ = {
			isa = PBXFrameworksBuildPhase;
			buildActionMask = 2147483647;
			files = (
			);
			runOnlyForDeploymentPostprocessing = 0;
		};
/* End PBXFrameworksBuildPhase section */

/* Begin PBXGroup section */
		84A86FC125D711B0003D17F1 = {
			isa = PBXGroup;
			children = (
				84A86FCC25D711B0003D17F1 /* Pre_Examen */,
				84A86FE325D711C3003D17F1 /* Pre_ExamenTests */,
				84A86FEE25D711C3003D17F1 /* Pre_ExamenUITests */,
				84A86FCB25D711B0003D17F1 /* Products */,
			);
			sourceTree = "<group>";
		};
		84A86FCB25D711B0003D17F1 /* Products */ = {
			isa = PBXGroup;
			children = (
				84A86FCA25D711B0003D17F1 /* Pre_Examen.app */,
				84A86FE025D711C3003D17F1 /* Pre_ExamenTests.xctest */,
				84A86FEB25D711C3003D17F1 /* Pre_ExamenUITests.xctest */,
			);
			name = Products;
			sourceTree = "<group>";
		};
		84A86FCC25D711B0003D17F1 /* Pre_Examen */ = {
			isa = PBXGroup;
			children = (
				84A86FCD25D711B1003D17F1 /* AppDelegate.swift */,
				84A86FCF25D711B1003D17F1 /* SceneDelegate.swift */,
				84A86FD125D711B1003D17F1 /* ViewController.swift */,
				84A86FD325D711B1003D17F1 /* Main.storyboard */,
				84A86FD625D711C2003D17F1 /* Assets.xcassets */,
				84A86FD825D711C2003D17F1 /* LaunchScreen.storyboard */,
				84A86FDB25D711C2003D17F1 /* Info.plist */,
			);
			path = Pre_Examen;
			sourceTree = "<group>";
		};
		84A86FE325D711C3003D17F1 /* Pre_ExamenTests */ = {
			isa = PBXGroup;
			children = (
				84A86FE425D711C3003D17F1 /* Pre_ExamenTests.swift */,
				84A86FE625D711C3003D17F1 /* Info.plist */,
			);
			path = Pre_ExamenTests;
			sourceTree = "<group>";
		};
		84A86FEE25D711C3003D17F1 /* Pre_ExamenUITests */ = {
			isa = PBXGroup;
			children = (
				84A86FEF25D711C3003D17F1 /* Pre_ExamenUITests.swift */,
				84A86FF125D711C3003D17F1 /* Info.plist */,
			);
			path = Pre_ExamenUITests;
			sourceTree = "<group>";
		};
/* End PBXGroup section */

/* Begin PBXNativeTarget section */
		84A86FC925D711B0003D17F1 /* Pre_Examen */ = {
			isa = PBXNativeTarget;
			buildConfigurationList = 84A86FF425D711C3003D17F1 /* Build configuration list for PBXNativeTarget "Pre_Examen" */;
			buildPhases = (
				84A86FC625D711B0003D17F1 /* Sources */,
				84A86FC725D711B0003D17F1 /* Frameworks */,
				84A86FC825D711B0003D17F1 /* Resources */,
			);
			buildRules = (
			);
			dependencies = (
			);
			name = Pre_Examen;
			productName = Pre_Examen;
			productReference = 84A86FCA25D711B0003D17F1 /* Pre_Examen.app */;
			productType = "com.apple.product-type.application";
		};
		84A86FDF25D711C3003D17F1 /* Pre_ExamenTests */ = {
			isa = PBXNativeTarget;
			buildConfigurationList = 84A86FF725D711C3003D17F1 /* Build configuration list for PBXNativeTarget "Pre_ExamenTests" */;
			buildPhases = (
				84A86FDC25D711C3003D17F1 /* Sources */,
				84A86FDD25D711C3003D17F1 /* Frameworks */,
				84A86FDE25D711C3003D17F1 /* Resources */,
			);
			buildRules = (
			);
			dependencies = (
				84A86FE225D711C3003D17F1 /* PBXTargetDependency */,
			);
			name = Pre_ExamenTests;
			productName = Pre_ExamenTests;
			productReference = 84A86FE025D711C3003D17F1 /* Pre_ExamenTests.xctest */;
			productType = "com.apple.product-type.bundle.unit-test";
		};
		84A86FEA25D711C3003D17F1 /* Pre_ExamenUITests */ = {
			isa = PBXNativeTarget;
			buildConfigurationList = 84A86FFA25D711C3003D17F1 /* Build configuration list for PBXNativeTarget "Pre_ExamenUITests" */;
			buildPhases = (
				84A86FE725D711C3003D17F1 /* Sources */,
				84A86FE825D711C3003D17F1 /* Frameworks */,
				84A86FE925D711C3003D17F1 /* Resources */,
			);
			buildRules = (
			);
			dependencies = (
				84A86FED25D711C3003D17F1 /* PBXTargetDependency */,
			);
			name = Pre_ExamenUITests;
			productName = Pre_ExamenUITests;
			productReference = 84A86FEB25D711C3003D17F1 /* Pre_ExamenUITests.xctest */;
			productType = "com.apple.product-type.bundle.ui-testing";
		};
/* End PBXNativeTarget section */

/* Begin PBXProject section */
		84A86FC225D711B0003D17F1 /* Project object */ = {
			isa = PBXProject;
			attributes = {
				LastSwiftUpdateCheck = 1130;
				LastUpgradeCheck = 1130;
				ORGANIZATIONNAME = Diseno;
				TargetAttributes = {
					84A86FC925D711B0003D17F1 = {
						CreatedOnToolsVersion = 11.3;
					};
					84A86FDF25D711C3003D17F1 = {
						CreatedOnToolsVersion = 11.3;
						TestTargetID = 84A86FC925D711B0003D17F1;
					};
					84A86FEA25D711C3003D17F1 = {
						CreatedOnToolsVersion = 11.3;
						TestTargetID = 84A86FC925D711B0003D17F1;
					};
				};
			};
			buildConfigurationList = 84A86FC525D711B0003D17F1 /* Build configuration list for PBXProject "Pre_Examen" */;
			compatibilityVersion = "Xcode 9.3";
			developmentRegion = en;
			hasScannedForEncodings = 0;
			knownRegions = (
				en,
				Base,
			);
			mainGroup = 84A86FC125D711B0003D17F1;
			productRefGroup = 84A86FCB25D711B0003D17F1 /* Products */;
			projectDirPath = "";
			projectRoot = "";
			targets = (
				84A86FC925D711B0003D17F1 /* Pre_Examen */,
				84A86FDF25D711C3003D17F1 /* Pre_ExamenTests */,
				84A86FEA25D711C3003D17F1 /* Pre_ExamenUITests */,
			);
		};
/* End PBXProject section */

/* Begin PBXResourcesBuildPhase section */
		84A86FC825D711B0003D17F1 /* Resources */ = {
			isa = PBXResourcesBuildPhase;
			buildActionMask = 2147483647;
			files = (
				84A86FDA25D711C2003D17F1 /* LaunchScreen.storyboard in Resources */,
				84A86FD725D711C2003D17F1 /* Assets.xcassets in Resources */,
				84A86FD525D711B1003D17F1 /* Main.storyboard in Resources */,
			);
			runOnlyForDeploymentPostprocessing = 0;
		};
		84A86FDE25D711C3003D17F1 /* Resources */ = {
			isa = PBXResourcesBuildPhase;
			buildActionMask = 2147483647;
			files = (
			);
			runOnlyForDeploymentPostprocessing = 0;
		};
		84A86FE925D711C3003D17F1 /* Resources */ = {
			isa = PBXResourcesBuildPhase;
			buildActionMask = 2147483647;
			files = (
			);
			runOnlyForDeploymentPostprocessing = 0;
		};
/* End PBXResourcesBuildPhase section */

/* Begin PBXSourcesBuildPhase section */
		84A86FC625D711B0003D17F1 /* Sources */ = {
			isa = PBXSourcesBuildPhase;
			buildActionMask = 2147483647;
			files = (
				84A86FD225D711B1003D17F1 /* ViewController.swift in Sources */,
				84A86FCE25D711B1003D17F1 /* AppDelegate.swift in Sources */,
				84A86FD025D711B1003D17F1 /* SceneDelegate.swift in Sources */,
			);
			runOnlyForDeploymentPostprocessing = 0;
		};
		84A86FDC25D711C3003D17F1 /* Sources */ = {
			isa = PBXSourcesBuildPhase;
			buildActionMask = 2147483647;
			files = (
				84A86FE525D711C3003D17F1 /* Pre_ExamenTests.swift in Sources */,
			);
			runOnlyForDeploymentPostprocessing = 0;
		};
		84A86FE725D711C3003D17F1 /* Sources */ = {
			isa = PBXSourcesBuildPhase;
			buildActionMask = 2147483647;
			files = (
				84A86FF025D711C3003D17F1 /* Pre_ExamenUITests.swift in Sources */,
			);
			runOnlyForDeploymentPostprocessing = 0;
		};
/* End PBXSourcesBuildPhase section */

/* Begin PBXTargetDependency section */
		84A86FE225D711C3003D17F1 /* PBXTargetDependency */ = {
			isa = PBXTargetDependency;
			target = 84A86FC925D711B0003D17F1 /* Pre_Examen */;
			targetProxy = 84A86FE125D711C3003D17F1 /* PBXContainerItemProxy */;
		};
		84A86FED25D711C3003D17F1 /* PBXTargetDependency */ = {
			isa = PBXTargetDependency;
			target = 84A86FC925D711B0003D17F1 /* Pre_Examen */;
			targetProxy = 84A86FEC25D711C3003D17F1 /* PBXContainerItemProxy */;
		};
/* End PBXTargetDependency section */

/* Begin PBXVariantGroup section */
		84A86FD325D711B1003D17F1 /* Main.storyboard */ = {
			isa = PBXVariantGroup;
			children = (
				84A86FD425D711B1003D17F1 /* Base */,
			);
			name = Main.storyboard;
			sourceTree = "<group>";
		};
		84A86FD825D711C2003D17F1 /* LaunchScreen.storyboard */ = {
			isa = PBXVariantGroup;
			children = (
				84A86FD925D711C2003D17F1 /* Base */,
			);
			name = LaunchScreen.storyboard;
			sourceTree = "<group>";
		};
/* End PBXVariantGroup section */

/* Begin XCBuildConfiguration section */
		84A86FF225D711C3003D17F1 /* Debug */ = {
			isa = XCBuildConfiguration;
			buildSettings = {
				ALWAYS_SEARCH_USER_PATHS = NO;
				CLANG_ANALYZER_NONNULL = YES;
				CLANG_ANALYZER_NUMBER_OBJECT_CONVERSION = YES_AGGRESSIVE;
				CLANG_CXX_LANGUAGE_STANDARD = "gnu++14";
				CLANG_CXX_LIBRARY = "libc++";
				CLANG_ENABLE_MODULES = YES;
				CLANG_ENABLE_OBJC_ARC = YES;
				CLANG_ENABLE_OBJC_WEAK = YES;
				CLANG_WARN_BLOCK_CAPTURE_AUTORELEASING = YES;
				CLANG_WARN_BOOL_CONVERSION = YES;
				CLANG_WARN_COMMA = YES;
				CLANG_WARN_CONSTANT_CONVERSION = YES;
				CLANG_WARN_DEPRECATED_OBJC_IMPLEMENTATIONS = YES;
				CLANG_WARN_DIRECT_OBJC_ISA_USAGE = YES_ERROR;
				CLANG_WARN_DOCUMENTATION_COMMENTS = YES;
				CLANG_WARN_EMPTY_BODY = YES;
				CLANG_WARN_ENUM_CONVERSION = YES;
				CLANG_WARN_INFINITE_RECURSION = YES;
				CLANG_WARN_INT_CONVERSION = YES;
				CLANG_WARN_NON_LITERAL_NULL_CONVERSION = YES;
				CLANG_WARN_OBJC_IMPLICIT_RETAIN_SELF = YES;
				CLANG_WARN_OBJC_LITERAL_CONVERSION = YES;
				CLANG_WARN_OBJC_ROOT_CLASS = YES_ERROR;
				CLANG_WARN_RANGE_LOOP_ANALYSIS = YES;
				CLANG_WARN_STRICT_PROTOTYPES = YES;
				CLANG_WARN_SUSPICIOUS_MOVE = YES;
				CLANG_WARN_UNGUARDED_AVAILABILITY = YES_AGGRESSIVE;
				CLANG_WARN_UNREACHABLE_CODE = YES;
				CLANG_WARN__DUPLICATE_METHOD_MATCH = YES;
				COPY_PHASE_STRIP = NO;
				DEBUG_INFORMATION_FORMAT = dwarf;
				ENABLE_STRICT_OBJC_MSGSEND = YES;
				ENABLE_TESTABILITY = YES;
				GCC_C_LANGUAGE_STANDARD = gnu11;
				GCC_DYNAMIC_NO_PIC = NO;
				GCC_NO_COMMON_BLOCKS = YES;
				GCC_OPTIMIZATION_LEVEL = 0;
				GCC_PREPROCESSOR_DEFINITIONS = (
					"DEBUG=1",
					"$(inherited)",
				);
				GCC_WARN_64_TO_32_BIT_CONVERSION = YES;
				GCC_WARN_ABOUT_RETURN_TYPE = YES_ERROR;
				GCC_WARN_UNDECLARED_SELECTOR = YES;
				GCC_WARN_UNINITIALIZED_AUTOS = YES_AGGRESSIVE;
				GCC_WARN_UNUSED_FUNCTION = YES;
				GCC_WARN_UNUSED_VARIABLE = YES;
				IPHONEOS_DEPLOYMENT_TARGET = 13.2;
				MTL_ENABLE_DEBUG_INFO = INCLUDE_SOURCE;
				MTL_FAST_MATH = YES;
				ONLY_ACTIVE_ARCH = YES;
				SDKROOT = iphoneos;
				SWIFT_ACTIVE_COMPILATION_CONDITIONS = DEBUG;
				SWIFT_OPTIMIZATION_LEVEL = "-Onone";
			};
			name = Debug;
		};
		84A86FF325D711C3003D17F1 /* Release */ = {
			isa = XCBuildConfiguration;
			buildSettings = {
				ALWAYS_SEARCH_USER_PATHS = NO;
				CLANG_ANALYZER_NONNULL = YES;
				CLANG_ANALYZER_NUMBER_OBJECT_CONVERSION = YES_AGGRESSIVE;
				CLANG_CXX_LANGUAGE_STANDARD = "gnu++14";
				CLANG_CXX_LIBRARY = "libc++";
				CLANG_ENABLE_MODULES = YES;
				CLANG_ENABLE_OBJC_ARC = YES;
				CLANG_ENABLE_OBJC_WEAK = YES;
				CLANG_WARN_BLOCK_CAPTURE_AUTORELEASING = YES;
				CLANG_WARN_BOOL_CONVERSION = YES;
				CLANG_WARN_COMMA = YES;
				CLANG_WARN_CONSTANT_CONVERSION = YES;
				CLANG_WARN_DEPRECATED_OBJC_IMPLEMENTATIONS = YES;
				CLANG_WARN_DIRECT_OBJC_ISA_USAGE = YES_ERROR;
				CLANG_WARN_DOCUMENTATION_COMMENTS = YES;
				CLANG_WARN_EMPTY_BODY = YES;
				CLANG_WARN_ENUM_CONVERSION = YES;
				CLANG_WARN_INFINITE_RECURSION = YES;
				CLANG_WARN_INT_CONVERSION = YES;
				CLANG_WARN_NON_LITERAL_NULL_CONVERSION = YES;
				CLANG_WARN_OBJC_IMPLICIT_RETAIN_SELF = YES;
				CLANG_WARN_OBJC_LITERAL_CONVERSION = YES;
				CLANG_WARN_OBJC_ROOT_CLASS = YES_ERROR;
				CLANG_WARN_RANGE_LOOP_ANALYSIS = YES;
				CLANG_WARN_STRICT_PROTOTYPES = YES;
				CLANG_WARN_SUSPICIOUS_MOVE = YES;
				CLANG_WARN_UNGUARDED_AVAILABILITY = YES_AGGRESSIVE;
				CLANG_WARN_UNREACHABLE_CODE = YES;
				CLANG_WARN__DUPLICATE_METHOD_MATCH = YES;
				COPY_PHASE_STRIP = NO;
				DEBUG_INFORMATION_FORMAT = "dwarf-with-dsym";
				ENABLE_NS_ASSERTIONS = NO;
				ENABLE_STRICT_OBJC_MSGSEND = YES;
				GCC_C_LANGUAGE_STANDARD = gnu11;
				GCC_NO_COMMON_BLOCKS = YES;
				GCC_WARN_64_TO_32_BIT_CONVERSION = YES;
				GCC_WARN_ABOUT_RETURN_TYPE = YES_ERROR;
				GCC_WARN_UNDECLARED_SELECTOR = YES;
				GCC_WARN_UNINITIALIZED_AUTOS = YES_AGGRESSIVE;
				GCC_WARN_UNUSED_FUNCTION = YES;
				GCC_WARN_UNUSED_VARIABLE = YES;
				IPHONEOS_DEPLOYMENT_TARGET = 13.2;
				MTL_ENABLE_DEBUG_INFO = NO;
				MTL_FAST_MATH = YES;
				SDKROOT = iphoneos;
				SWIFT_COMPILATION_MODE = wholemodule;
				SWIFT_OPTIMIZATION_LEVEL = "-O";
				VALIDATE_PRODUCT = YES;
			};
			name = Release;
		};
		84A86FF525D711C3003D17F1 /* Debug */ = {
			isa = XCBuildConfiguration;
			buildSettings = {
				ASSETCATALOG_COMPILER_APPICON_NAME = AppIcon;
				CODE_SIGN_STYLE = Automatic;
				INFOPLIST_FILE = Pre_Examen/Info.plist;
				LD_RUNPATH_SEARCH_PATHS = (
					"$(inherited)",
					"@executable_path/Frameworks",
				);
				PRODUCT_BUNDLE_IDENTIFIER = "utt.Pre-Examen";
				PRODUCT_NAME = "$(TARGET_NAME)";
				SWIFT_VERSION = 5.0;
				TARGETED_DEVICE_FAMILY = "1,2";
			};
			name = Debug;
		};
		84A86FF625D711C3003D17F1 /* Release */ = {
			isa = XCBuildConfiguration;
			buildSettings = {
				ASSETCATALOG_COMPILER_APPICON_NAME = AppIcon;
				CODE_SIGN_STYLE = Automatic;
				INFOPLIST_FILE = Pre_Examen/Info.plist;
				LD_RUNPATH_SEARCH_PATHS = (
					"$(inherited)",
					"@executable_path/Frameworks",
				);
				PRODUCT_BUNDLE_IDENTIFIER = "utt.Pre-Examen";
				PRODUCT_NAME = "$(TARGET_NAME)";
				SWIFT_VERSION = 5.0;
				TARGETED_DEVICE_FAMILY = "1,2";
			};
			name = Release;
		};
		84A86FF825D711C3003D17F1 /* Debug */ = {
			isa = XCBuildConfiguration;
			buildSettings = {
				ALWAYS_EMBED_SWIFT_STANDARD_LIBRARIES = YES;
				BUNDLE_LOADER = "$(TEST_HOST)";
				CODE_SIGN_STYLE = Automatic;
				INFOPLIST_FILE = Pre_ExamenTests/Info.plist;
				IPHONEOS_DEPLOYMENT_TARGET = 13.2;
				LD_RUNPATH_SEARCH_PATHS = (
					"$(inherited)",
					"@executable_path/Frameworks",
					"@loader_path/Frameworks",
				);
				PRODUCT_BUNDLE_IDENTIFIER = "utt.Pre-ExamenTests";
				PRODUCT_NAME = "$(TARGET_NAME)";
				SWIFT_VERSION = 5.0;
				TARGETED_DEVICE_FAMILY = "1,2";
				TEST_HOST = "$(BUILT_PRODUCTS_DIR)/Pre_Examen.app/Pre_Examen";
			};
			name = Debug;
		};
		84A86FF925D711C3003D17F1 /* Release */ = {
			isa = XCBuildConfiguration;
			buildSettings = {
				ALWAYS_EMBED_SWIFT_STANDARD_LIBRARIES = YES;
				BUNDLE_LOADER = "$(TEST_HOST)";
				CODE_SIGN_STYLE = Automatic;
				INFOPLIST_FILE = Pre_ExamenTests/Info.plist;
				IPHONEOS_DEPLOYMENT_TARGET = 13.2;
				LD_RUNPATH_SEARCH_PATHS = (
					"$(inherited)",
					"@executable_path/Frameworks",
					"@loader_path/Frameworks",
				);
				PRODUCT_BUNDLE_IDENTIFIER = "utt.Pre-ExamenTests";
				PRODUCT_NAME = "$(TARGET_NAME)";
				SWIFT_VERSION = 5.0;
				TARGETED_DEVICE_FAMILY = "1,2";
				TEST_HOST = "$(BUILT_PRODUCTS_DIR)/Pre_Examen.app/Pre_Examen";
			};
			name = Release;
		};
		84A86FFB25D711C3003D17F1 /* Debug */ = {
			isa = XCBuildConfiguration;
			buildSettings = {
				ALWAYS_EMBED_SWIFT_STANDARD_LIBRARIES = YES;
				CODE_SIGN_STYLE = Automatic;
				INFOPLIST_FILE = Pre_ExamenUITests/Info.plist;
				LD_RUNPATH_SEARCH_PATHS = (
					"$(inherited)",
					"@executable_path/Frameworks",
					"@loader_path/Frameworks",
				);
				PRODUCT_BUNDLE_IDENTIFIER = "utt.Pre-ExamenUITests";
				PRODUCT_NAME = "$(TARGET_NAME)";
				SWIFT_VERSION = 5.0;
				TARGETED_DEVICE_FAMILY = "1,2";
				TEST_TARGET_NAME = Pre_Examen;
			};
			name = Debug;
		};
		84A86FFC25D711C3003D17F1 /* Release */ = {
			isa = XCBuildConfiguration;
			buildSettings = {
				ALWAYS_EMBED_SWIFT_STANDARD_LIBRARIES = YES;
				CODE_SIGN_STYLE = Automatic;
				INFOPLIST_FILE = Pre_ExamenUITests/Info.plist;
				LD_RUNPATH_SEARCH_PATHS = (
					"$(inherited)",
					"@executable_path/Frameworks",
					"@loader_path/Frameworks",
				);
				PRODUCT_BUNDLE_IDENTIFIER = "utt.Pre-ExamenUITests";
				PRODUCT_NAME = "$(TARGET_NAME)";
				SWIFT_VERSION = 5.0;
				TARGETED_DEVICE_FAMILY = "1,2";
				TEST_TARGET_NAME = Pre_Examen;
			};
			name = Release;
		};
/* End XCBuildConfiguration section */

/* Begin XCConfigurationList section */
		84A86FC525D711B0003D17F1 /* Build configuration list for PBXProject "Pre_Examen" */ = {
			isa = XCConfigurationList;
			buildConfigurations = (
				84A86FF225D711C3003D17F1 /* Debug */,
				84A86FF325D711C3003D17F1 /* Release */,
			);
			defaultConfigurationIsVisible = 0;
			defaultConfigurationName = Release;
		};
		84A86FF425D711C3003D17F1 /* Build configuration list for PBXNativeTarget "Pre_Examen" */ = {
			isa = XCConfigurationList;
			buildConfigurations = (
				84A86FF525D711C3003D17F1 /* Debug */,
				84A86FF625D711C3003D17F1 /* Release */,
			);
			defaultConfigurationIsVisible = 0;
			defaultConfigurationName = Release;
		};
		84A86FF725D711C3003D17F1 /* Build configuration list for PBXNativeTarget "Pre_ExamenTests" */ = {
			isa = XCConfigurationList;
			buildConfigurations = (
				84A86FF825D711C3003D17F1 /* Debug */,
				84A86FF925D711C3003D17F1 /* Release */,
			);
			defaultConfigurationIsVisible = 0;
			defaultConfigurationName = Release;
		};
		84A86FFA25D711C3003D17F1 /* Build configuration list for PBXNativeTarget "Pre_ExamenUITests" */ = {
			isa = XCConfigurationList;
			buildConfigurations = (
				84A86FFB25D711C3003D17F1 /* Debug */,
				84A86FFC25D711C3003D17F1 /* Release */,
			);
			defaultConfigurationIsVisible = 0;
			defaultConfigurationName = Release;
		};
/* End XCConfigurationList section */
	};
	rootObject = 84A86FC225D711B0003D17F1 /* Project object */;
}
